
Microsoft Visual Studio Solution File, Format Version 12.00
# Visual Studio 15
VisualStudioVersion = 15.0.28307.1231
MinimumVisualStudioVersion = 10.0.40219.1
Project("{9A19103F-16F7-4668-BE54-9A1E7A4F7556}") = "jet-test1", "jet-test1\jet-test1.csproj", "{EDB76562-3043-4A7D-918E-A18CDF6D0C8C}"
EndProject
Project("{FAE04EC0-301F-11D3-BF4B-00C04F79EFBC}") = "DepartmentsAndSeals", "DepartmentsAndSeals\DepartmentsAndSeals.csproj", "{AB3A52ED-72C6-4356-8785-26197D6EDEDE}"
EndProject
Global
	GlobalSection(SolutionConfigurationPlatforms) = preSolution
		Debug|Any CPU = Debug|Any CPU
		Release|Any CPU = Release|Any CPU
	EndGlobalSection
	GlobalSection(ProjectConfigurationPlatforms) = postSolution
		{EDB76562-3043-4A7D-918E-A18CDF6D0C8C}.Debug|Any CPU.ActiveCfg = Debug|Any CPU
		{EDB76562-3043-4A7D-918E-A18CDF6D0C8C}.Debug|Any CPU.Build.0 = Debug|Any CPU
		{EDB76562-3043-4A7D-918E-A18CDF6D0C8C}.Release|Any CPU.ActiveCfg = Release|Any CPU
		{EDB76562-3043-4A7D-918E-A18CDF6D0C8C}.Release|Any CPU.Build.0 = Release|Any CPU
		{AB3A52ED-72C6-4356-8785-26197D6EDEDE}.Debug|Any CPU.ActiveCfg = Debug|Any CPU
		{AB3A52ED-72C6-4356-8785-26197D6EDEDE}.Debug|Any CPU.Build.0 = Debug|Any CPU
		{AB3A52ED-72C6-4356-8785-26197D6EDEDE}.Release|Any CPU.ActiveCfg = Release|Any CPU
		{AB3A52ED-72C6-4356-8785-26197D6EDEDE}.Release|Any CPU.Build.0 = Release|Any CPU
	EndGlobalSection
	GlobalSection(SolutionProperties) = preSolution
		HideSolutionNode = FALSE
	EndGlobalSection
	GlobalSection(ExtensibilityGlobals) = postSolution
		SolutionGuid = {30D3F236-92A3-4B32-9A20-F8911B23049F}
	EndGlobalSection
EndGlobal
